dependencies:
  espressif/button:
    component_hash: 4ed25fcf354b48aa5e5680b9e7549e38d7738f9b613c94a2e39119c100db9c95
    dependencies:
    - name: espressif/cmake_utilities
      registry_url: https://components.espressif.com
      require: private
      version: '*'
    - name: idf
      require: private
      version: '>=4.0'
    source:
      registry_url: https://components.espressif.com/
      type: service
    version: 4.1.4
  espressif/cbor:
    component_hash: 37b68b0730fb9a0b71334e4cc41b7de443fc2069152fdedcfe63dac8eb94a73a
    dependencies:
    - name: idf
      require: private
      version: '>=5.0'
    source:
      registry_url: https://components.espressif.com/
      type: service
    version: 0.6.1~3
  espressif/cmake_utilities:
    component_hash: 05165f30922b422b4b90c08845e6d449329b97370fbd06309803d8cb539d79e3
    dependencies:
    - name: idf
      require: private
      version: '>=4.1'
    source:
      registry_url: https://components.espressif.com
      type: service
    version: 1.1.1
  espressif/esp-serial-flasher:
    component_hash: 279ac9b137499bc21d383e00b22c2d5a3324ce55b4cc341c7f0ef55f12c668e7
    dependencies:
    - name: idf
      require: private
      version: '>=4.3'
    - name: espressif/usb_host_cdc_acm
      registry_url: https://components.espressif.com
      require: private
      rules:
      - if: idf_version >=4.4
      - if: target in [esp32s2, esp32s3, esp32p4]
      version: ^2
    - name: espressif/usb_host_ch34x_vcp
      registry_url: https://components.espressif.com
      require: private
      rules:
      - if: idf_version >=4.4
      - if: target in [esp32s2, esp32s3, esp32p4]
      version: ^2.2
    - name: espressif/usb_host_cp210x_vcp
      registry_url: https://components.espressif.com
      require: private
      rules:
      - if: idf_version >=4.4
      - if: target in [esp32s2, esp32s3, esp32p4]
      version: ^2.2
    source:
      registry_url: https://components.espressif.com
      type: service
    version: 1.10.0
  espressif/esp_daylight:
    component_hash: e27629eb7e12da9e6d01c646e0e4ce6358b977b6f89d4f291a4cc1aea755af94
    dependencies:
    - name: idf
      require: private
      version: '>=5.1'
    source:
      registry_url: https://components.espressif.com
      type: service
    version: 1.0.1
  espressif/esp_diag_data_store:
    component_hash: 93f20de81abb791b4482f1bc99afdc24b25c3ee42aacceeb636e9943e677b1c5
    dependencies:
    - name: idf
      require: private
      version: '>=5.1'
    source:
      registry_url: https://components.espressif.com
      type: service
    version: 1.1.0
  espressif/esp_diagnostics:
    component_hash: 405803b11fbccfd9c8a26df0b1228081f588ffdb7d1e0c754300e7a2c6241aab
    dependencies:
    - name: espressif/rmaker_common
      registry_url: https://components.espressif.com
      require: private
      version: ~1.5.0
    - name: idf
      require: private
      version: '>=5.1'
    source:
      registry_url: https://components.espressif.com
      type: service
    version: 1.3.0
  espressif/esp_insights:
    component_hash: 5a394c1eacddff2dbeff840abb0108ad5f54fb076048520b50c3f4a9b59415fe
    dependencies:
    - name: espressif/cbor
      registry_url: https://components.espressif.com
      require: private
      version: ~0.6
    - name: espressif/esp_diag_data_store
      registry_url: https://components.espressif.com
      require: private
      version: 1.1.0
    - name: espressif/esp_diagnostics
      registry_url: https://components.espressif.com
      require: private
      version: '>=1.3.0'
    - name: espressif/rmaker_common
      registry_url: https://components.espressif.com
      require: private
      version: ~1.5.0
    - name: idf
      require: private
      version: '>=5.1'
    source:
      registry_url: https://components.espressif.com/
      type: service
    version: 1.3.1
  espressif/esp_rainmaker:
    dependencies:
    - name: idf
      version: '>=5.1'
    - name: espressif/mdns
      version: ^1.2.0
    - name: espressif/esp_secure_cert_mgr
      version: ^2.2.1
    - name: espressif/rmaker_common
      version: ~1.5.0
    - name: espressif/json_parser
      version: ~1.0.3
    - name: espressif/json_generator
      version: ~1.1.1
    - name: espressif/esp_schedule
      version: ~1.3.2
    - name: espressif/network_provisioning
      version: ~1.0.0
    - name: espressif/esp_rcp_update
      version: ^1.2.0
    - name: espressif/cbor
      version: ~0.6
    source:
      path: D:\ESP32_v5.3\esp-rainmaker-master\esp-rainmaker-master\components\esp_rainmaker
      type: local
    version: 1.7.6
  espressif/esp_rcp_update:
    component_hash: 9c9ad7941d159764f656e20d12ef6e343d178f977582a72c753b4190a6bba2a0
    dependencies:
    - name: espressif/esp-serial-flasher
      registry_url: https://components.espressif.com
      require: private
      version: ^1.8.0
    - name: idf
      require: private
      version: '>=5.0'
    source:
      registry_url: https://components.espressif.com/
      type: service
    version: 1.5.1
  espressif/esp_schedule:
    component_hash: 024e1ee23cab447e800519f704193cb5b5652297d86811e6e6c653dea42d8bb1
    dependencies:
    - name: espressif/esp_daylight
      registry_url: https://components.espressif.com
      require: private
      version: ~1.0.1
    - name: idf
      require: private
      version: '>=5.1'
    source:
      registry_url: https://components.espressif.com/
      type: service
    version: 1.3.2
  espressif/esp_secure_cert_mgr:
    component_hash: d5d773260a965bffa8146f6c8d8620dc60dc656a9108be337155f478703d984e
    dependencies:
    - name: idf
      require: private
      version: '>=4.3'
    source:
      registry_url: https://components.espressif.com/
      type: service
    version: 2.7.1
  espressif/jsmn:
    component_hash: d80350c41bbaa827c98a25b6072df00884e72f54885996fab4a4f0aebce6b6c3
    dependencies:
    - name: idf
      require: private
      version: '>=4.3'
    source:
      registry_url: https://components.espressif.com
      type: service
    version: 1.1.0
  espressif/json_generator:
    component_hash: 45033e1c199b13f1c8c1b544fb7d4e2df6a8e3071ebdcb1b22582b61a7974ff2
    dependencies: []
    source:
      registry_url: https://components.espressif.com/
      type: service
    version: 1.1.2
  espressif/json_parser:
    component_hash: d74b81729ad06ec11ff5eb5b1b0d7df1d00e6027fc11471f4b139c70dcf1b1e4
    dependencies:
    - name: espressif/jsmn
      registry_url: https://components.espressif.com
      require: private
      rules:
      - if: idf_version >=5.0
      version: ~1.1
    source:
      registry_url: https://components.espressif.com/
      type: service
    version: 1.0.3
  espressif/mdns:
    component_hash: 5c148bc0996305bcf111c465bba021a8155d4247b0d9353c39da9b44a91ca381
    dependencies:
    - name: idf
      require: private
      version: '>=5.0'
    source:
      registry_url: https://components.espressif.com/
      type: service
    version: 1.9.0
  espressif/network_provisioning:
    component_hash: 21c45dd9cf570c12671e1678ddcfabe77471afa979bcff207a8478b45b58667a
    dependencies:
    - name: idf
      require: private
      version: '>=5.1'
    source:
      registry_url: https://components.espressif.com/
      type: service
    version: 1.0.5
  espressif/qrcode:
    component_hash: 3b493771bc5d6ad30cbf87c25bf784aada8a08c941504355b55d6b75518ed7bc
    dependencies: []
    source:
      registry_url: https://components.espressif.com/
      type: service
    version: 0.1.0~2
  espressif/rmaker_common:
    component_hash: 8519340d6c5800ad6d041058022be4f070c8a17f5f8f26987331b83735afcd91
    dependencies:
    - name: idf
      require: private
      version: '>=5.1'
    source:
      registry_url: https://components.espressif.com/
      type: service
    version: 1.5.2
  idf:
    source:
      type: idf
    version: 5.4.0
direct_dependencies:
- espressif/button
- espressif/esp_insights
- espressif/esp_rainmaker
- espressif/qrcode
- espressif/rmaker_common
- idf
manifest_hash: 664d9da2584b3c7df3e2f3599cbcf83082ab897368b59db6963ffbaa422ee416
target: esp32
version: 2.0.0
